// !$*UTF8*$!
{
	archiveVersion = 1;
	classes = {
	};
	objectVersion = 46;
	objects = {

/* Begin PBXBuildFile section */
		47345AD41AF95597000D3301 /* AppIcon.appiconset in Resources */ = {isa = PBXBuildFile; fileRef = 47345AD31AF95597000D3301 /* AppIcon.appiconset */; };
		477C79B11ADB34DB009363C9 /* DawnAlarm.m in Sources */ = {isa = PBXBuildFile; fileRef = 477C79AE1ADB34DB009363C9 /* DawnAlarm.m */; };
		477C79B21ADB34DB009363C9 /* DawnUser.m in Sources */ = {isa = PBXBuildFile; fileRef = 477C79B01ADB34DB009363C9 /* DawnUser.m */; };
		477F84F21AD21CC000B3F9C0 /* main.m in Sources */ = {isa = PBXBuildFile; fileRef = 477F84F11AD21CC000B3F9C0 /* main.m */; };
		477F84F51AD21CC000B3F9C0 /* AppDelegate.m in Sources */ = {isa = PBXBuildFile; fileRef = 477F84F41AD21CC000B3F9C0 /* AppDelegate.m */; };
		477F84FE1AD21CC000B3F9C0 /* Main.storyboard in Resources */ = {isa = PBXBuildFile; fileRef = 477F84FC1AD21CC000B3F9C0 /* Main.storyboard */; };
		477F85001AD21CC000B3F9C0 /* Images.xcassets in Resources */ = {isa = PBXBuildFile; fileRef = 477F84FF1AD21CC000B3F9C0 /* Images.xcassets */; };
		477F85031AD21CC000B3F9C0 /* LaunchScreen.xib in Resources */ = {isa = PBXBuildFile; fileRef = 477F85011AD21CC000B3F9C0 /* LaunchScreen.xib */; };
		477F850F1AD21CC000B3F9C0 /* DawnTests.m in Sources */ = {isa = PBXBuildFile; fileRef = 477F850E1AD21CC000B3F9C0 /* DawnTests.m */; };
		478B92681AE9591D001BA5E6 /* clock-alarm-7.png in Resources */ = {isa = PBXBuildFile; fileRef = 478B92671AE9591D001BA5E6 /* clock-alarm-7.png */; };
		478B926A1AE95949001BA5E6 /* plus-simple-7.png in Resources */ = {isa = PBXBuildFile; fileRef = 478B92691AE95949001BA5E6 /* plus-simple-7.png */; };
		478B926C1AE95958001BA5E6 /* spanner-7.png in Resources */ = {isa = PBXBuildFile; fileRef = 478B926B1AE95958001BA5E6 /* spanner-7.png */; };
		47B973DB1AE0A70D00AC5565 /* Bolts.framework in Frameworks */ = {isa = PBXBuildFile; fileRef = 47B973D51AE0A70D00AC5565 /* Bolts.framework */; };
		47B973DC1AE0A70D00AC5565 /* Parse.framework in Frameworks */ = {isa = PBXBuildFile; fileRef = 47B973D61AE0A70D00AC5565 /* Parse.framework */; };
		47B973DD1AE0A70D00AC5565 /* ParseCrashReporting.framework in Frameworks */ = {isa = PBXBuildFile; fileRef = 47B973D71AE0A70D00AC5565 /* ParseCrashReporting.framework */; };
		47B973DE1AE0A70D00AC5565 /* ParseFacebookUtils.framework in Frameworks */ = {isa = PBXBuildFile; fileRef = 47B973D81AE0A70D00AC5565 /* ParseFacebookUtils.framework */; };
		47B973DF1AE0A70D00AC5565 /* ParseFacebookUtilsV4.framework in Frameworks */ = {isa = PBXBuildFile; fileRef = 47B973D91AE0A70D00AC5565 /* ParseFacebookUtilsV4.framework */; };
		47B973E01AE0A70D00AC5565 /* ParseUI.framework in Frameworks */ = {isa = PBXBuildFile; fileRef = 47B973DA1AE0A70D00AC5565 /* ParseUI.framework */; };
		47B973E21AE0A73F00AC5565 /* AudioToolbox.framework in Frameworks */ = {isa = PBXBuildFile; fileRef = 47B973E11AE0A73F00AC5565 /* AudioToolbox.framework */; };
		47B973E41AE0A76600AC5565 /* CFNetwork.framework in Frameworks */ = {isa = PBXBuildFile; fileRef = 47B973E31AE0A76600AC5565 /* CFNetwork.framework */; };
		47B973E61AE0A77600AC5565 /* CoreGraphics.framework in Frameworks */ = {isa = PBXBuildFile; fileRef = 47B973E51AE0A77600AC5565 /* CoreGraphics.framework */; };
		47B973E81AE0A78000AC5565 /* CoreLocation.framework in Frameworks */ = {isa = PBXBuildFile; fileRef = 47B973E71AE0A78000AC5565 /* CoreLocation.framework */; };
		47B973EA1AE0A78C00AC5565 /* MobileCoreServices.framework in Frameworks */ = {isa = PBXBuildFile; fileRef = 47B973E91AE0A78C00AC5565 /* MobileCoreServices.framework */; };
		47B973EC1AE0A79700AC5565 /* QuartzCore.framework in Frameworks */ = {isa = PBXBuildFile; fileRef = 47B973EB1AE0A79700AC5565 /* QuartzCore.framework */; };
		47B973EE1AE0A7A600AC5565 /* Security.framework in Frameworks */ = {isa = PBXBuildFile; fileRef = 47B973ED1AE0A7A600AC5565 /* Security.framework */; };
		47B973F21AE0A7C400AC5565 /* SystemConfiguration.framework in Frameworks */ = {isa = PBXBuildFile; fileRef = 47B973F11AE0A7C400AC5565 /* SystemConfiguration.framework */; };
		47B973F41AE0A7D500AC5565 /* libz.dylib in Frameworks */ = {isa = PBXBuildFile; fileRef = 47B973F31AE0A7D500AC5565 /* libz.dylib */; };
		47B973F61AE0A7E600AC5565 /* libsqlite3.dylib in Frameworks */ = {isa = PBXBuildFile; fileRef = 47B973F51AE0A7E600AC5565 /* libsqlite3.dylib */; };
		47B973F91AE0A86000AC5565 /* Accounts.framework in Frameworks */ = {isa = PBXBuildFile; fileRef = 47B973F81AE0A86000AC5565 /* Accounts.framework */; settings = {ATTRIBUTES = (Weak, ); }; };
		47B973FB1AE0A86A00AC5565 /* Social.framework in Frameworks */ = {isa = PBXBuildFile; fileRef = 47B973FA1AE0A86A00AC5565 /* Social.framework */; settings = {ATTRIBUTES = (Weak, ); }; };
		47B973FD1AE0B8BA00AC5565 /* FBSDKCoreKit.framework in Frameworks */ = {isa = PBXBuildFile; fileRef = 47B973FC1AE0B8BA00AC5565 /* FBSDKCoreKit.framework */; };
		47B974001AE0B8C600AC5565 /* FBSDKLoginKit.framework in Frameworks */ = {isa = PBXBuildFile; fileRef = 47B973FE1AE0B8C600AC5565 /* FBSDKLoginKit.framework */; };
		47B974011AE0B8C600AC5565 /* FBSDKShareKit.framework in Frameworks */ = {isa = PBXBuildFile; fileRef = 47B973FF1AE0B8C600AC5565 /* FBSDKShareKit.framework */; };
		47CAA7281AE95CD800E0464F /* GoodMorningViewController.m in Sources */ = {isa = PBXBuildFile; fileRef = 47CAA7271AE95CD800E0464F /* GoodMorningViewController.m */; };
		956438391AF96AE4007A3359 /* tiktokREAL.wav in Resources */ = {isa = PBXBuildFile; fileRef = 956438381AF96AE4007A3359 /* tiktokREAL.wav */; };
		958F89071AF5981A00AA173F /* AlarmMethods.m in Sources */ = {isa = PBXBuildFile; fileRef = 958F89061AF5981A00AA173F /* AlarmMethods.m */; };
		95AC72991ADCAF8400639561 /* CreatedAlarmViewController.m in Sources */ = {isa = PBXBuildFile; fileRef = 95AC72981ADCAF8400639561 /* CreatedAlarmViewController.m */; };
		95F710C01AE09A840045B4C2 /* NewAlarmViewController.m in Sources */ = {isa = PBXBuildFile; fileRef = 95F710BF1AE09A840045B4C2 /* NewAlarmViewController.m */; };
		95F710C31AE09DEE0045B4C2 /* AdvancedSettings1ViewController.m in Sources */ = {isa = PBXBuildFile; fileRef = 95F710C21AE09DEE0045B4C2 /* AdvancedSettings1ViewController.m */; };
		95F710C61AE0A0A90045B4C2 /* SettingsViewController.m in Sources */ = {isa = PBXBuildFile; fileRef = 95F710C51AE0A0A90045B4C2 /* SettingsViewController.m */; };
		95F710C91AE0A0D90045B4C2 /* MyAlarmsTableViewController.m in Sources */ = {isa = PBXBuildFile; fileRef = 95F710C81AE0A0D90045B4C2 /* MyAlarmsTableViewController.m */; };
		95F710CC1AE0A1A80045B4C2 /* LoginViewController.m in Sources */ = {isa = PBXBuildFile; fileRef = 95F710CB1AE0A1A80045B4C2 /* LoginViewController.m */; };
		95F710CF1AE0A2090045B4C2 /* TabBarViewController.m in Sources */ = {isa = PBXBuildFile; fileRef = 95F710CE1AE0A2090045B4C2 /* TabBarViewController.m */; };
		95F710D21AE0A3AF0045B4C2 /* DawnPreferences.m in Sources */ = {isa = PBXBuildFile; fileRef = 95F710D11AE0A3AF0045B4C2 /* DawnPreferences.m */; };
/* End PBXBuildFile section */

/* Begin PBXContainerItemProxy section */
		477F85091AD21CC000B3F9C0 /* PBXContainerItemProxy */ = {
			isa = PBXContainerItemProxy;
			containerPortal = 477F84E41AD21CC000B3F9C0 /* Project object */;
			proxyType = 1;
			remoteGlobalIDString = 477F84EB1AD21CC000B3F9C0;
			remoteInfo = Dawn;
		};
/* End PBXContainerItemProxy section */

/* Begin PBXFileReference section */
		47345AD31AF95597000D3301 /* AppIcon.appiconset */ = {isa = PBXFileReference; lastKnownFileType = folder; path = AppIcon.appiconset; sourceTree = "<group>"; };
		477C79891AD749DF009363C9 /* AppDelegate.h */ = {isa = PBXFileReference; lastKnownFileType = sourcecode.c.h; path = AppDelegate.h; sourceTree = "<group>"; };
		477C79AD1ADB34DB009363C9 /* DawnAlarm.h */ = {isa = PBXFileReference; fileEncoding = 4; lastKnownFileType = sourcecode.c.h; path = DawnAlarm.h; sourceTree = "<group>"; };
		477C79AE1ADB34DB009363C9 /* DawnAlarm.m */ = {isa = PBXFileReference; fileEncoding = 4; lastKnownFileType = sourcecode.c.objc; path = DawnAlarm.m; sourceTree = "<group>"; };
		477C79AF1ADB34DB009363C9 /* DawnUser.h */ = {isa = PBXFileReference; fileEncoding = 4; lastKnownFileType = sourcecode.c.h; path = DawnUser.h; sourceTree = "<group>"; };
		477C79B01ADB34DB009363C9 /* DawnUser.m */ = {isa = PBXFileReference; fileEncoding = 4; lastKnownFileType = sourcecode.c.objc; path = DawnUser.m; sourceTree = "<group>"; };
		477F84EC1AD21CC000B3F9C0 /* Dawn.app */ = {isa = PBXFileReference; explicitFileType = wrapper.application; includeInIndex = 0; path = Dawn.app; sourceTree = BUILT_PRODUCTS_DIR; };
		477F84F01AD21CC000B3F9C0 /* Info.plist */ = {isa = PBXFileReference; lastKnownFileType = text.plist.xml; path = Info.plist; sourceTree = "<group>"; };
		477F84F11AD21CC000B3F9C0 /* main.m */ = {isa = PBXFileReference; lastKnownFileType = sourcecode.c.objc; path = main.m; sourceTree = "<group>"; };
		477F84F41AD21CC000B3F9C0 /* AppDelegate.m */ = {isa = PBXFileReference; lastKnownFileType = sourcecode.c.objc; path = AppDelegate.m; sourceTree = "<group>"; };
		477F84FD1AD21CC000B3F9C0 /* Base */ = {isa = PBXFileReference; lastKnownFileType = file.storyboard; name = Base; path = Base.lproj/Main.storyboard; sourceTree = "<group>"; };
		477F84FF1AD21CC000B3F9C0 /* Images.xcassets */ = {isa = PBXFileReference; lastKnownFileType = folder.assetcatalog; path = Images.xcassets; sourceTree = "<group>"; };
		477F85021AD21CC000B3F9C0 /* Base */ = {isa = PBXFileReference; lastKnownFileType = file.xib; name = Base; path = Base.lproj/LaunchScreen.xib; sourceTree = "<group>"; };
		477F85081AD21CC000B3F9C0 /* DawnTests.xctest */ = {isa = PBXFileReference; explicitFileType = wrapper.cfbundle; includeInIndex = 0; path = DawnTests.xctest; sourceTree = BUILT_PRODUCTS_DIR; };
		477F850D1AD21CC000B3F9C0 /* Info.plist */ = {isa = PBXFileReference; lastKnownFileType = text.plist.xml; path = Info.plist; sourceTree = "<group>"; };
		477F850E1AD21CC000B3F9C0 /* DawnTests.m */ = {isa = PBXFileReference; lastKnownFileType = sourcecode.c.objc; path = DawnTests.m; sourceTree = "<group>"; };
		478B92671AE9591D001BA5E6 /* clock-alarm-7.png */ = {isa = PBXFileReference; lastKnownFileType = image.png; path = "clock-alarm-7.png"; sourceTree = "<group>"; };
		478B92691AE95949001BA5E6 /* plus-simple-7.png */ = {isa = PBXFileReference; lastKnownFileType = image.png; path = "plus-simple-7.png"; sourceTree = "<group>"; };
		478B926B1AE95958001BA5E6 /* spanner-7.png */ = {isa = PBXFileReference; lastKnownFileType = image.png; path = "spanner-7.png"; sourceTree = "<group>"; };
		47B973D51AE0A70D00AC5565 /* Bolts.framework */ = {isa = PBXFileReference; lastKnownFileType = wrapper.framework; path = Bolts.framework; sourceTree = "<group>"; };
		47B973D61AE0A70D00AC5565 /* Parse.framework */ = {isa = PBXFileReference; lastKnownFileType = wrapper.framework; path = Parse.framework; sourceTree = "<group>"; };
		47B973D71AE0A70D00AC5565 /* ParseCrashReporting.framework */ = {isa = PBXFileReference; lastKnownFileType = wrapper.framework; path = ParseCrashReporting.framework; sourceTree = "<group>"; };
		47B973D81AE0A70D00AC5565 /* ParseFacebookUtils.framework */ = {isa = PBXFileReference; lastKnownFileType = wrapper.framework; path = ParseFacebookUtils.framework; sourceTree = "<group>"; };
		47B973D91AE0A70D00AC5565 /* ParseFacebookUtilsV4.framework */ = {isa = PBXFileReference; lastKnownFileType = wrapper.framework; path = ParseFacebookUtilsV4.framework; sourceTree = "<group>"; };
		47B973DA1AE0A70D00AC5565 /* ParseUI.framework */ = {isa = PBXFileReference; lastKnownFileType = wrapper.framework; path = ParseUI.framework; sourceTree = "<group>"; };
		47B973E11AE0A73F00AC5565 /* AudioToolbox.framework */ = {isa = PBXFileReference; lastKnownFileType = wrapper.framework; name = AudioToolbox.framework; path = System/Library/Frameworks/AudioToolbox.framework; sourceTree = SDKROOT; };
		47B973E31AE0A76600AC5565 /* CFNetwork.framework */ = {isa = PBXFileReference; lastKnownFileType = wrapper.framework; name = CFNetwork.framework; path = System/Library/Frameworks/CFNetwork.framework; sourceTree = SDKROOT; };
		47B973E51AE0A77600AC5565 /* CoreGraphics.framework */ = {isa = PBXFileReference; lastKnownFileType = wrapper.framework; name = CoreGraphics.framework; path = System/Library/Frameworks/CoreGraphics.framework; sourceTree = SDKROOT; };
		47B973E71AE0A78000AC5565 /* CoreLocation.framework */ = {isa = PBXFileReference; lastKnownFileType = wrapper.framework; name = CoreLocation.framework; path = System/Library/Frameworks/CoreLocation.framework; sourceTree = SDKROOT; };
		47B973E91AE0A78C00AC5565 /* MobileCoreServices.framework */ = {isa = PBXFileReference; lastKnownFileType = wrapper.framework; name = MobileCoreServices.framework; path = System/Library/Frameworks/MobileCoreServices.framework; sourceTree = SDKROOT; };
		47B973EB1AE0A79700AC5565 /* QuartzCore.framework */ = {isa = PBXFileReference; lastKnownFileType = wrapper.framework; name = QuartzCore.framework; path = System/Library/Frameworks/QuartzCore.framework; sourceTree = SDKROOT; };
		47B973ED1AE0A7A600AC5565 /* Security.framework */ = {isa = PBXFileReference; lastKnownFileType = wrapper.framework; name = Security.framework; path = System/Library/Frameworks/Security.framework; sourceTree = SDKROOT; };
		47B973F11AE0A7C400AC5565 /* SystemConfiguration.framework */ = {isa = PBXFileReference; lastKnownFileType = wrapper.framework; name = SystemConfiguration.framework; path = System/Library/Frameworks/SystemConfiguration.framework; sourceTree = SDKROOT; };
		47B973F31AE0A7D500AC5565 /* libz.dylib */ = {isa = PBXFileReference; lastKnownFileType = "compiled.mach-o.dylib"; name = libz.dylib; path = usr/lib/libz.dylib; sourceTree = SDKROOT; };
		47B973F51AE0A7E600AC5565 /* libsqlite3.dylib */ = {isa = PBXFileReference; lastKnownFileType = "compiled.mach-o.dylib"; name = libsqlite3.dylib; path = usr/lib/libsqlite3.dylib; sourceTree = SDKROOT; };
		47B973F81AE0A86000AC5565 /* Accounts.framework */ = {isa = PBXFileReference; lastKnownFileType = wrapper.framework; name = Accounts.framework; path = System/Library/Frameworks/Accounts.framework; sourceTree = SDKROOT; };
		47B973FA1AE0A86A00AC5565 /* Social.framework */ = {isa = PBXFileReference; lastKnownFileType = wrapper.framework; name = Social.framework; path = System/Library/Frameworks/Social.framework; sourceTree = SDKROOT; };
		47B973FC1AE0B8BA00AC5565 /* FBSDKCoreKit.framework */ = {isa = PBXFileReference; lastKnownFileType = wrapper.framework; path = FBSDKCoreKit.framework; sourceTree = "<group>"; };
		47B973FE1AE0B8C600AC5565 /* FBSDKLoginKit.framework */ = {isa = PBXFileReference; lastKnownFileType = wrapper.framework; path = FBSDKLoginKit.framework; sourceTree = "<group>"; };
		47B973FF1AE0B8C600AC5565 /* FBSDKShareKit.framework */ = {isa = PBXFileReference; lastKnownFileType = wrapper.framework; path = FBSDKShareKit.framework; sourceTree = "<group>"; };
		47CAA7261AE95CD800E0464F /* GoodMorningViewController.h */ = {isa = PBXFileReference; fileEncoding = 4; lastKnownFileType = sourcecode.c.h; path = GoodMorningViewController.h; sourceTree = "<group>"; };
		47CAA7271AE95CD800E0464F /* GoodMorningViewController.m */ = {isa = PBXFileReference; fileEncoding = 4; lastKnownFileType = sourcecode.c.objc; path = GoodMorningViewController.m; sourceTree = "<group>"; };
		956438381AF96AE4007A3359 /* tiktokREAL.wav */ = {isa = PBXFileReference; lastKnownFileType = audio.wav; path = tiktokREAL.wav; sourceTree = "<group>"; };
		958F89051AF5981A00AA173F /* AlarmMethods.h */ = {isa = PBXFileReference; fileEncoding = 4; lastKnownFileType = sourcecode.c.h; path = AlarmMethods.h; sourceTree = "<group>"; };
		958F89061AF5981A00AA173F /* AlarmMethods.m */ = {isa = PBXFileReference; fileEncoding = 4; lastKnownFileType = sourcecode.c.objc; path = AlarmMethods.m; sourceTree = "<group>"; };
		95AC72971ADCAF8400639561 /* CreatedAlarmViewController.h */ = {isa = PBXFileReference; fileEncoding = 4; lastKnownFileType = sourcecode.c.h; path = CreatedAlarmViewController.h; sourceTree = "<group>"; };
		95AC72981ADCAF8400639561 /* CreatedAlarmViewController.m */ = {isa = PBXFileReference; fileEncoding = 4; lastKnownFileType = sourcecode.c.objc; path = CreatedAlarmViewController.m; sourceTree = "<group>"; };
		95F710BE1AE09A840045B4C2 /* NewAlarmViewController.h */ = {isa = PBXFileReference; fileEncoding = 4; lastKnownFileType = sourcecode.c.h; path = NewAlarmViewController.h; sourceTree = "<group>"; };
		95F710BF1AE09A840045B4C2 /* NewAlarmViewController.m */ = {isa = PBXFileReference; fileEncoding = 4; lastKnownFileType = sourcecode.c.objc; path = NewAlarmViewController.m; sourceTree = "<group>"; };
		95F710C11AE09DEE0045B4C2 /* AdvancedSettings1ViewController.h */ = {isa = PBXFileReference; fileEncoding = 4; lastKnownFileType = sourcecode.c.h; path = AdvancedSettings1ViewController.h; sourceTree = "<group>"; };
		95F710C21AE09DEE0045B4C2 /* AdvancedSettings1ViewController.m */ = {isa = PBXFileReference; fileEncoding = 4; lastKnownFileType = sourcecode.c.objc; path = AdvancedSettings1ViewController.m; sourceTree = "<group>"; };
		95F710C41AE0A0A90045B4C2 /* SettingsViewController.h */ = {isa = PBXFileReference; fileEncoding = 4; lastKnownFileType = sourcecode.c.h; path = SettingsViewController.h; sourceTree = "<group>"; };
		95F710C51AE0A0A90045B4C2 /* SettingsViewController.m */ = {isa = PBXFileReference; fileEncoding = 4; lastKnownFileType = sourcecode.c.objc; path = SettingsViewController.m; sourceTree = "<group>"; };
		95F710C71AE0A0D90045B4C2 /* MyAlarmsTableViewController.h */ = {isa = PBXFileReference; fileEncoding = 4; lastKnownFileType = sourcecode.c.h; path = MyAlarmsTableViewController.h; sourceTree = "<group>"; };
		95F710C81AE0A0D90045B4C2 /* MyAlarmsTableViewController.m */ = {isa = PBXFileReference; fileEncoding = 4; lastKnownFileType = sourcecode.c.objc; path = MyAlarmsTableViewController.m; sourceTree = "<group>"; };
		95F710CA1AE0A1A80045B4C2 /* LoginViewController.h */ = {isa = PBXFileReference; fileEncoding = 4; lastKnownFileType = sourcecode.c.h; path = LoginViewController.h; sourceTree = "<group>"; };
		95F710CB1AE0A1A80045B4C2 /* LoginViewController.m */ = {isa = PBXFileReference; fileEncoding = 4; lastKnownFileType = sourcecode.c.objc; path = LoginViewController.m; sourceTree = "<group>"; };
		95F710CD1AE0A2090045B4C2 /* TabBarViewController.h */ = {isa = PBXFileReference; fileEncoding = 4; lastKnownFileType = sourcecode.c.h; path = TabBarViewController.h; sourceTree = "<group>"; };
		95F710CE1AE0A2090045B4C2 /* TabBarViewController.m */ = {isa = PBXFileReference; fileEncoding = 4; lastKnownFileType = sourcecode.c.objc; path = TabBarViewController.m; sourceTree = "<group>"; };
		95F710D01AE0A3AF0045B4C2 /* DawnPreferences.h */ = {isa = PBXFileReference; fileEncoding = 4; lastKnownFileType = sourcecode.c.h; path = DawnPreferences.h; sourceTree = "<group>"; };
		95F710D11AE0A3AF0045B4C2 /* DawnPreferences.m */ = {isa = PBXFileReference; fileEncoding = 4; lastKnownFileType = sourcecode.c.objc; path = DawnPreferences.m; sourceTree = "<group>"; };
/* End PBXFileReference section */

/* Begin PBXFrameworksBuildPhase section */
		477F84E91AD21CC000B3F9C0 /* Frameworks */ = {
			isa = PBXFrameworksBuildPhase;
			buildActionMask = 2147483647;
			files = (
				47B973FB1AE0A86A00AC5565 /* Social.framework in Frameworks */,
				47B973F91AE0A86000AC5565 /* Accounts.framework in Frameworks */,
				47B973F61AE0A7E600AC5565 /* libsqlite3.dylib in Frameworks */,
				47B973F41AE0A7D500AC5565 /* libz.dylib in Frameworks */,
				47B973F21AE0A7C400AC5565 /* SystemConfiguration.framework in Frameworks */,
				47B973FD1AE0B8BA00AC5565 /* FBSDKCoreKit.framework in Frameworks */,
				47B974011AE0B8C600AC5565 /* FBSDKShareKit.framework in Frameworks */,
				47B973EE1AE0A7A600AC5565 /* Security.framework in Frameworks */,
				47B973EC1AE0A79700AC5565 /* QuartzCore.framework in Frameworks */,
				47B973EA1AE0A78C00AC5565 /* MobileCoreServices.framework in Frameworks */,
				47B973E81AE0A78000AC5565 /* CoreLocation.framework in Frameworks */,
				47B974001AE0B8C600AC5565 /* FBSDKLoginKit.framework in Frameworks */,
				47B973E61AE0A77600AC5565 /* CoreGraphics.framework in Frameworks */,
				47B973E41AE0A76600AC5565 /* CFNetwork.framework in Frameworks */,
				47B973E21AE0A73F00AC5565 /* AudioToolbox.framework in Frameworks */,
				47B973E01AE0A70D00AC5565 /* ParseUI.framework in Frameworks */,
				47B973DC1AE0A70D00AC5565 /* Parse.framework in Frameworks */,
				47B973DD1AE0A70D00AC5565 /* ParseCrashReporting.framework in Frameworks */,
				47B973DE1AE0A70D00AC5565 /* ParseFacebookUtils.framework in Frameworks */,
				47B973DB1AE0A70D00AC5565 /* Bolts.framework in Frameworks */,
				47B973DF1AE0A70D00AC5565 /* ParseFacebookUtilsV4.framework in Frameworks */,
			);
			runOnlyForDeploymentPostprocessing = 0;
		};
		477F85051AD21CC000B3F9C0 /* Frameworks */ = {
			isa = PBXFrameworksBuildPhase;
			buildActionMask = 2147483647;
			files = (
			);
			runOnlyForDeploymentPostprocessing = 0;
		};
/* End PBXFrameworksBuildPhase section */

/* Begin PBXGroup section */
		477F84E31AD21CC000B3F9C0 = {
			isa = PBXGroup;
			children = (
				47B973F71AE0A82400AC5565 /* FrameWorks */,
				47B973D41AE0A70D00AC5565 /* parse-library-1.7.1 */,
				477F84EE1AD21CC000B3F9C0 /* Dawn */,
				477F850B1AD21CC000B3F9C0 /* DawnTests */,
				477F84ED1AD21CC000B3F9C0 /* Products */,
			);
			sourceTree = "<group>";
		};
		477F84ED1AD21CC000B3F9C0 /* Products */ = {
			isa = PBXGroup;
			children = (
				477F84EC1AD21CC000B3F9C0 /* Dawn.app */,
				477F85081AD21CC000B3F9C0 /* DawnTests.xctest */,
			);
			name = Products;
			sourceTree = "<group>";
		};
		477F84EE1AD21CC000B3F9C0 /* Dawn */ = {
			isa = PBXGroup;
			children = (
				956438381AF96AE4007A3359 /* tiktokREAL.wav */,
				477F84FC1AD21CC000B3F9C0 /* Main.storyboard */,
				47CAA7261AE95CD800E0464F /* GoodMorningViewController.h */,
				47CAA7271AE95CD800E0464F /* GoodMorningViewController.m */,
				95F710CD1AE0A2090045B4C2 /* TabBarViewController.h */,
				95F710CE1AE0A2090045B4C2 /* TabBarViewController.m */,
				95F710CA1AE0A1A80045B4C2 /* LoginViewController.h */,
				95F710CB1AE0A1A80045B4C2 /* LoginViewController.m */,
				477C79AD1ADB34DB009363C9 /* DawnAlarm.h */,
				477C79AE1ADB34DB009363C9 /* DawnAlarm.m */,
				477C79AF1ADB34DB009363C9 /* DawnUser.h */,
				477C79B01ADB34DB009363C9 /* DawnUser.m */,
				95F710D01AE0A3AF0045B4C2 /* DawnPreferences.h */,
				95F710D11AE0A3AF0045B4C2 /* DawnPreferences.m */,
				477C79891AD749DF009363C9 /* AppDelegate.h */,
				477F84F41AD21CC000B3F9C0 /* AppDelegate.m */,
				95F710C71AE0A0D90045B4C2 /* MyAlarmsTableViewController.h */,
				95F710C81AE0A0D90045B4C2 /* MyAlarmsTableViewController.m */,
				958F89051AF5981A00AA173F /* AlarmMethods.h */,
				958F89061AF5981A00AA173F /* AlarmMethods.m */,
				95F710C41AE0A0A90045B4C2 /* SettingsViewController.h */,
				95F710C51AE0A0A90045B4C2 /* SettingsViewController.m */,
				95F710C11AE09DEE0045B4C2 /* AdvancedSettings1ViewController.h */,
				95F710C21AE09DEE0045B4C2 /* AdvancedSettings1ViewController.m */,
				477F84FF1AD21CC000B3F9C0 /* Images.xcassets */,
				47345AD31AF95597000D3301 /* AppIcon.appiconset */,
				477F85011AD21CC000B3F9C0 /* LaunchScreen.xib */,
				95F710BE1AE09A840045B4C2 /* NewAlarmViewController.h */,
				95F710BF1AE09A840045B4C2 /* NewAlarmViewController.m */,
				95AC72971ADCAF8400639561 /* CreatedAlarmViewController.h */,
				95AC72981ADCAF8400639561 /* CreatedAlarmViewController.m */,
				47CAA7251AE95CA500E0464F /* Tab Bar Icons */,
				477F84EF1AD21CC000B3F9C0 /* Supporting Files */,
			);
			path = Dawn;
			sourceTree = "<group>";
		};
		477F84EF1AD21CC000B3F9C0 /* Supporting Files */ = {
			isa = PBXGroup;
			children = (
				477F84F01AD21CC000B3F9C0 /* Info.plist */,
				477F84F11AD21CC000B3F9C0 /* main.m */,
			);
			name = "Supporting Files";
			sourceTree = "<group>";
		};
		477F850B1AD21CC000B3F9C0 /* DawnTests */ = {
			isa = PBXGroup;
			children = (
				477F850E1AD21CC000B3F9C0 /* DawnTests.m */,
				477F850C1AD21CC000B3F9C0 /* Supporting Files */,
			);
			path = DawnTests;
			sourceTree = "<group>";
		};
		477F850C1AD21CC000B3F9C0 /* Supporting Files */ = {
			isa = PBXGroup;
			children = (
				477F850D1AD21CC000B3F9C0 /* Info.plist */,
			);
			name = "Supporting Files";
			sourceTree = "<group>";
		};
		47B973D41AE0A70D00AC5565 /* parse-library-1.7.1 */ = {
			isa = PBXGroup;
			children = (
				47B973D51AE0A70D00AC5565 /* Bolts.framework */,
				47B973D61AE0A70D00AC5565 /* Parse.framework */,
				47B973D71AE0A70D00AC5565 /* ParseCrashReporting.framework */,
				47B973D81AE0A70D00AC5565 /* ParseFacebookUtils.framework */,
				47B973D91AE0A70D00AC5565 /* ParseFacebookUtilsV4.framework */,
				47B973DA1AE0A70D00AC5565 /* ParseUI.framework */,
			);
			path = "parse-library-1.7.1";
			sourceTree = "<group>";
		};
		47B973F71AE0A82400AC5565 /* FrameWorks */ = {
			isa = PBXGroup;
			children = (
				47B973FE1AE0B8C600AC5565 /* FBSDKLoginKit.framework */,
				47B973FF1AE0B8C600AC5565 /* FBSDKShareKit.framework */,
				47B973FC1AE0B8BA00AC5565 /* FBSDKCoreKit.framework */,
				47B973FA1AE0A86A00AC5565 /* Social.framework */,
				47B973F81AE0A86000AC5565 /* Accounts.framework */,
				47B973F51AE0A7E600AC5565 /* libsqlite3.dylib */,
				47B973F31AE0A7D500AC5565 /* libz.dylib */,
				47B973F11AE0A7C400AC5565 /* SystemConfiguration.framework */,
				47B973ED1AE0A7A600AC5565 /* Security.framework */,
				47B973EB1AE0A79700AC5565 /* QuartzCore.framework */,
				47B973E91AE0A78C00AC5565 /* MobileCoreServices.framework */,
				47B973E71AE0A78000AC5565 /* CoreLocation.framework */,
				47B973E51AE0A77600AC5565 /* CoreGraphics.framework */,
				47B973E31AE0A76600AC5565 /* CFNetwork.framework */,
				47B973E11AE0A73F00AC5565 /* AudioToolbox.framework */,
			);
			name = FrameWorks;
			sourceTree = "<group>";
		};
		47CAA7251AE95CA500E0464F /* Tab Bar Icons */ = {
			isa = PBXGroup;
			children = (
				478B92671AE9591D001BA5E6 /* clock-alarm-7.png */,
				478B92691AE95949001BA5E6 /* plus-simple-7.png */,
				478B926B1AE95958001BA5E6 /* spanner-7.png */,
			);
			name = "Tab Bar Icons";
			sourceTree = "<group>";
		};
/* End PBXGroup section */

/* Begin PBXNativeTarget section */
		477F84EB1AD21CC000B3F9C0 /* Dawn */ = {
			isa = PBXNativeTarget;
			buildConfigurationList = 477F85121AD21CC000B3F9C0 /* Build configuration list for PBXNativeTarget "Dawn" */;
			buildPhases = (
				477F84E81AD21CC000B3F9C0 /* Sources */,
				477F84E91AD21CC000B3F9C0 /* Frameworks */,
				477F84EA1AD21CC000B3F9C0 /* Resources */,
			);
			buildRules = (
			);
			dependencies = (
			);
			name = Dawn;
			productName = Dawn;
			productReference = 477F84EC1AD21CC000B3F9C0 /* Dawn.app */;
			productType = "com.apple.product-type.application";
		};
		477F85071AD21CC000B3F9C0 /* DawnTests */ = {
			isa = PBXNativeTarget;
			buildConfigurationList = 477F85151AD21CC000B3F9C0 /* Build configuration list for PBXNativeTarget "DawnTests" */;
			buildPhases = (
				477F85041AD21CC000B3F9C0 /* Sources */,
				477F85051AD21CC000B3F9C0 /* Frameworks */,
				477F85061AD21CC000B3F9C0 /* Resources */,
			);
			buildRules = (
			);
			dependencies = (
				477F850A1AD21CC000B3F9C0 /* PBXTargetDependency */,
			);
			name = DawnTests;
			productName = DawnTests;
			productReference = 477F85081AD21CC000B3F9C0 /* DawnTests.xctest */;
			productType = "com.apple.product-type.bundle.unit-test";
		};
/* End PBXNativeTarget section */

/* Begin PBXProject section */
		477F84E41AD21CC000B3F9C0 /* Project object */ = {
			isa = PBXProject;
			attributes = {
				LastUpgradeCheck = 0620;
				ORGANIZATIONNAME = Dawnteam;
				TargetAttributes = {
					477F84EB1AD21CC000B3F9C0 = {
						CreatedOnToolsVersion = 6.2;
						DevelopmentTeam = WKRZ8G7B5R;
						SystemCapabilities = {
							com.apple.InAppPurchase = {
								enabled = 0;
							};
						};
					};
					477F85071AD21CC000B3F9C0 = {
						CreatedOnToolsVersion = 6.2;
						TestTargetID = 477F84EB1AD21CC000B3F9C0;
					};
				};
			};
			buildConfigurationList = 477F84E71AD21CC000B3F9C0 /* Build configuration list for PBXProject "Dawn" */;
			compatibilityVersion = "Xcode 3.2";
			developmentRegion = English;
			hasScannedForEncodings = 0;
			knownRegions = (
				en,
				Base,
			);
			mainGroup = 477F84E31AD21CC000B3F9C0;
			productRefGroup = 477F84ED1AD21CC000B3F9C0 /* Products */;
			projectDirPath = "";
			projectRoot = "";
			targets = (
				477F84EB1AD21CC000B3F9C0 /* Dawn */,
				477F85071AD21CC000B3F9C0 /* DawnTests */,
			);
		};
/* End PBXProject section */

/* Begin PBXResourcesBuildPhase section */
		477F84EA1AD21CC000B3F9C0 /* Resources */ = {
			isa = PBXResourcesBuildPhase;
			buildActionMask = 2147483647;
			files = (
				477F84FE1AD21CC000B3F9C0 /* Main.storyboard in Resources */,
				478B926A1AE95949001BA5E6 /* plus-simple-7.png in Resources */,
				477F85031AD21CC000B3F9C0 /* LaunchScreen.xib in Resources */,
				956438391AF96AE4007A3359 /* tiktokREAL.wav in Resources */,
				478B92681AE9591D001BA5E6 /* clock-alarm-7.png in Resources */,
				47345AD41AF95597000D3301 /* AppIcon.appiconset in Resources */,
				477F85001AD21CC000B3F9C0 /* Images.xcassets in Resources */,
				478B926C1AE95958001BA5E6 /* spanner-7.png in Resources */,
			);
			runOnlyForDeploymentPostprocessing = 0;
		};
		477F85061AD21CC000B3F9C0 /* Resources */ = {
			isa = PBXResourcesBuildPhase;
			buildActionMask = 2147483647;
			files = (
			);
			runOnlyForDeploymentPostprocessing = 0;
		};
/* End PBXResourcesBuildPhase section */

/* Begin PBXSourcesBuildPhase section */
		477F84E81AD21CC000B3F9C0 /* Sources */ = {
			isa = PBXSourcesBuildPhase;
			buildActionMask = 2147483647;
			files = (
				958F89071AF5981A00AA173F /* AlarmMethods.m in Sources */,
				477C79B21ADB34DB009363C9 /* DawnUser.m in Sources */,
				95F710C91AE0A0D90045B4C2 /* MyAlarmsTableViewController.m in Sources */,
				95F710C01AE09A840045B4C2 /* NewAlarmViewController.m in Sources */,
				95AC72991ADCAF8400639561 /* CreatedAlarmViewController.m in Sources */,
				95F710D21AE0A3AF0045B4C2 /* DawnPreferences.m in Sources */,
				47CAA7281AE95CD800E0464F /* GoodMorningViewController.m in Sources */,
				95F710CF1AE0A2090045B4C2 /* TabBarViewController.m in Sources */,
				95F710C61AE0A0A90045B4C2 /* SettingsViewController.m in Sources */,
				477C79B11ADB34DB009363C9 /* DawnAlarm.m in Sources */,
				477F84F51AD21CC000B3F9C0 /* AppDelegate.m in Sources */,
				95F710C31AE09DEE0045B4C2 /* AdvancedSettings1ViewController.m in Sources */,
				95F710CC1AE0A1A80045B4C2 /* LoginViewController.m in Sources */,
				477F84F21AD21CC000B3F9C0 /* main.m in Sources */,
			);
			runOnlyForDeploymentPostprocessing = 0;
		};
		477F85041AD21CC000B3F9C0 /* Sources */ = {
			isa = PBXSourcesBuildPhase;
			buildActionMask = 2147483647;
			files = (
				477F850F1AD21CC000B3F9C0 /* DawnTests.m in Sources */,
			);
			runOnlyForDeploymentPostprocessing = 0;
		};
/* End PBXSourcesBuildPhase section */

/* Begin PBXTargetDependency section */
		477F850A1AD21CC000B3F9C0 /* PBXTargetDependency */ = {
			isa = PBXTargetDependency;
			target = 477F84EB1AD21CC000B3F9C0 /* Dawn */;
			targetProxy = 477F85091AD21CC000B3F9C0 /* PBXContainerItemProxy */;
		};
/* End PBXTargetDependency section */

/* Begin PBXVariantGroup section */
		477F84FC1AD21CC000B3F9C0 /* Main.storyboard */ = {
			isa = PBXVariantGroup;
			children = (
				477F84FD1AD21CC000B3F9C0 /* Base */,
			);
			name = Main.storyboard;
			sourceTree = "<group>";
		};
		477F85011AD21CC000B3F9C0 /* LaunchScreen.xib */ = {
			isa = PBXVariantGroup;
			children = (
				477F85021AD21CC000B3F9C0 /* Base */,
			);
			name = LaunchScreen.xib;
			sourceTree = "<group>";
		};
/* End PBXVariantGroup section */

/* Begin XCBuildConfiguration section */
		477F85101AD21CC000B3F9C0 /* Debug */ = {
			isa = XCBuildConfiguration;
			buildSettings = {
				ALWAYS_SEARCH_USER_PATHS = NO;
				CLANG_CXX_LANGUAGE_STANDARD = "gnu++0x";
				CLANG_CXX_LIBRARY = "libc++";
				CLANG_ENABLE_MODULES = YES;
				CLANG_ENABLE_OBJC_ARC = YES;
				CLANG_WARN_BOOL_CONVERSION = YES;
				CLANG_WARN_CONSTANT_CONVERSION = YES;
				CLANG_WARN_DIRECT_OBJC_ISA_USAGE = YES_ERROR;
				CLANG_WARN_EMPTY_BODY = YES;
				CLANG_WARN_ENUM_CONVERSION = YES;
				CLANG_WARN_INT_CONVERSION = YES;
				CLANG_WARN_OBJC_ROOT_CLASS = YES_ERROR;
				CLANG_WARN_UNREACHABLE_CODE = YES;
				CLANG_WARN__DUPLICATE_METHOD_MATCH = YES;
				"CODE_SIGN_IDENTITY[sdk=iphoneos*]" = "iPhone Developer";
				COPY_PHASE_STRIP = NO;
				ENABLE_STRICT_OBJC_MSGSEND = YES;
				GCC_C_LANGUAGE_STANDARD = gnu99;
				GCC_DYNAMIC_NO_PIC = NO;
				GCC_OPTIMIZATION_LEVEL = 0;
				GCC_PREPROCESSOR_DEFINITIONS = (
					"DEBUG=1",
					"$(inherited)",
				);
				GCC_SYMBOLS_PRIVATE_EXTERN = NO;
				GCC_WARN_64_TO_32_BIT_CONVERSION = YES;
				GCC_WARN_ABOUT_RETURN_TYPE = YES_ERROR;
				GCC_WARN_UNDECLARED_SELECTOR = YES;
				GCC_WARN_UNINITIALIZED_AUTOS = YES_AGGRESSIVE;
				GCC_WARN_UNUSED_FUNCTION = YES;
				GCC_WARN_UNUSED_VARIABLE = YES;
				IPHONEOS_DEPLOYMENT_TARGET = 8.2;
				MTL_ENABLE_DEBUG_INFO = YES;
				ONLY_ACTIVE_ARCH = YES;
				SDKROOT = iphoneos;
				TARGETED_DEVICE_FAMILY = "1,2";
			};
			name = Debug;
		};
		477F85111AD21CC000B3F9C0 /* Release */ = {
			isa = XCBuildConfiguration;
			buildSettings = {
				ALWAYS_SEARCH_USER_PATHS = NO;
				CLANG_CXX_LANGUAGE_STANDARD = "gnu++0x";
				CLANG_CXX_LIBRARY = "libc++";
				CLANG_ENABLE_MODULES = YES;
				CLANG_ENABLE_OBJC_ARC = YES;
				CLANG_WARN_BOOL_CONVERSION = YES;
				CLANG_WARN_CONSTANT_CONVERSION = YES;
				CLANG_WARN_DIRECT_OBJC_ISA_USAGE = YES_ERROR;
				CLANG_WARN_EMPTY_BODY = YES;
				CLANG_WARN_ENUM_CONVERSION = YES;
				CLANG_WARN_INT_CONVERSION = YES;
				CLANG_WARN_OBJC_ROOT_CLASS = YES_ERROR;
				CLANG_WARN_UNREACHABLE_CODE = YES;
				CLANG_WARN__DUPLICATE_METHOD_MATCH = YES;
				"CODE_SIGN_IDENTITY[sdk=iphoneos*]" = "iPhone Developer";
				COPY_PHASE_STRIP = NO;
				ENABLE_NS_ASSERTIONS = NO;
				ENABLE_STRICT_OBJC_MSGSEND = YES;
				GCC_C_LANGUAGE_STANDARD = gnu99;
				GCC_WARN_64_TO_32_BIT_CONVERSION = YES;
				GCC_WARN_ABOUT_RETURN_TYPE = YES_ERROR;
				GCC_WARN_UNDECLARED_SELECTOR = YES;
				GCC_WARN_UNINITIALIZED_AUTOS = YES_AGGRESSIVE;
				GCC_WARN_UNUSED_FUNCTION = YES;
				GCC_WARN_UNUSED_VARIABLE = YES;
				IPHONEOS_DEPLOYMENT_TARGET = 8.2;
				MTL_ENABLE_DEBUG_INFO = NO;
				SDKROOT = iphoneos;
				TARGETED_DEVICE_FAMILY = "1,2";
				VALIDATE_PRODUCT = YES;
			};
			name = Release;
		};
		477F85131AD21CC000B3F9C0 /* Debug */ = {
			isa = XCBuildConfiguration;
			buildSettings = {
				ASSETCATALOG_COMPILER_APPICON_NAME = DawnIcon;
				ASSETCATALOG_COMPILER_LAUNCHIMAGE_NAME = "LaunchImage-2";
				CODE_SIGN_IDENTITY = "iPhone Developer";
				FRAMEWORK_SEARCH_PATHS = (
					"$(inherited)",
					"$(PROJECT_DIR)/parse-library-1.7.1",
					"$(PROJECT_DIR)",
				);
				INFOPLIST_FILE = Dawn/Info.plist;
				LD_RUNPATH_SEARCH_PATHS = "$(inherited) @executable_path/Frameworks";
				PRODUCT_NAME = "$(TARGET_NAME)";
				TARGETED_DEVICE_FAMILY = 1;
			};
			name = Debug;
		};
		477F85141AD21CC000B3F9C0 /* Release */ = {
			isa = XCBuildConfiguration;
			buildSettings = {
				ASSETCATALOG_COMPILER_APPICON_NAME = DawnIcon;
				ASSETCATALOG_COMPILER_LAUNCHIMAGE_NAME = "LaunchImage-2";
				CODE_SIGN_IDENTITY = "iPhone Developer";
				FRAMEWORK_SEARCH_PATHS = (
					"$(inherited)",
					"$(PROJECT_DIR)/parse-library-1.7.1",
					"$(PROJECT_DIR)",
				);
				INFOPLIST_FILE = Dawn/Info.plist;
				LD_RUNPATH_SEARCH_PATHS = "$(inherited) @executable_path/Frameworks";
				PRODUCT_NAME = "$(TARGET_NAME)";
				TARGETED_DEVICE_FAMILY = 1;
			};
			name = Release;
		};
		477F85161AD21CC000B3F9C0 /* Debug */ = {
			isa = XCBuildConfiguration;
			buildSettings = {
				BUNDLE_LOADER = "$(TEST_HOST)";
				FRAMEWORK_SEARCH_PATHS = (
					"$(SDKROOT)/Developer/Library/Frameworks",
					"$(inherited)",
				);
				GCC_PREPROCESSOR_DEFINITIONS = (
					"DEBUG=1",
					"$(inherited)",
				);
				INFOPLIST_FILE = DawnTests/Info.plist;
				LD_RUNPATH_SEARCH_PATHS = "$(inherited) @executable_path/Frameworks @loader_path/Frameworks";
				PRODUCT_NAME = "$(TARGET_NAME)";
				TEST_HOST = "$(BUILT_PRODUCTS_DIR)/Dawn.app/Dawn";
			};
			name = Debug;
		};
		477F85171AD21CC000B3F9C0 /* Release */ = {
			isa = XCBuildConfiguration;
			buildSettings = {
				BUNDLE_LOADER = "$(TEST_HOST)";
				FRAMEWORK_SEARCH_PATHS = (
					"$(SDKROOT)/Developer/Library/Frameworks",
					"$(inherited)",
				);
				INFOPLIST_FILE = DawnTests/Info.plist;
				LD_RUNPATH_SEARCH_PATHS = "$(inherited) @executable_path/Frameworks @loader_path/Frameworks";
				PRODUCT_NAME = "$(TARGET_NAME)";
				TEST_HOST = "$(BUILT_PRODUCTS_DIR)/Dawn.app/Dawn";
			};
			name = Release;
		};
/* End XCBuildConfiguration section */

/* Begin XCConfigurationList section */
		477F84E71AD21CC000B3F9C0 /* Build configuration list for PBXProject "Dawn" */ = {
			isa = XCConfigurationList;
			buildConfigurations = (
				477F85101AD21CC000B3F9C0 /* Debug */,
				477F85111AD21CC000B3F9C0 /* Release */,
			);
			defaultConfigurationIsVisible = 0;
			defaultConfigurationName = Release;
		};
		477F85121AD21CC000B3F9C0 /* Build configuration list for PBXNativeTarget "Dawn" */ = {
			isa = XCConfigurationList;
			buildConfigurations = (
				477F85131AD21CC000B3F9C0 /* Debug */,
				477F85141AD21CC000B3F9C0 /* Release */,
			);
			defaultConfigurationIsVisible = 0;
			defaultConfigurationName = Release;
		};
		477F85151AD21CC000B3F9C0 /* Build configuration list for PBXNativeTarget "DawnTests" */ = {
			isa = XCConfigurationList;
			buildConfigurations = (
				477F85161AD21CC000B3F9C0 /* Debug */,
				477F85171AD21CC000B3F9C0 /* Release */,
			);
			defaultConfigurationIsVisible = 0;
			defaultConfigurationName = Release;
		};
/* End XCConfigurationList section */
	};
	rootObject = 477F84E41AD21CC000B3F9C0 /* Project object */;
}
